
Microsoft Visual Studio Solution File, Format Version 12.00
Project("{FAE04EC0-301F-11D3-BF4B-00C04F79EFBC}") = "UraniumCompute", "UraniumCompute\UraniumCompute.csproj", "{076DB3C9-6A35-4CE4-AAC2-E778457951D2}"
EndProject
Project("{2150E333-8FDC-42A3-9474-1A3956D46DE8}") = "Library", "Library", "{D49CD7B7-43E6-4891-8CCC-CC830743B97B}"
EndProject
Project("{2150E333-8FDC-42A3-9474-1A3956D46DE8}") = "Samples", "Samples", "{C6D61B2E-7CEA-4DF8-BB65-6392A541F769}"
EndProject
Project("{FAE04EC0-301F-11D3-BF4B-00C04F79EFBC}") = "SampleProject", "SampleProject\SampleProject.csproj", "{39B4C30B-A47D-4165-A38E-BF4C0DEA4731}"
EndProject
Project("{2150E333-8FDC-42A3-9474-1A3956D46DE8}") = "Tests", "Tests", "{1C90E1A7-E5D8-44AB-B187-7BC851F4E02F}"
EndProject
Project("{FAE04EC0-301F-11D3-BF4B-00C04F79EFBC}") = "UraniumCompute.Compiler", "UraniumCompute.Compiler\UraniumCompute.Compiler.csproj", "{6BC76B2C-67CD-4925-885A-4232CE5C4EE1}"
EndProject
Project("{FAE04EC0-301F-11D3-BF4B-00C04F79EFBC}") = "ArrayTransform", "ArrayTransform\ArrayTransform.csproj", "{CAC28557-4398-45F2-B125-F1B15C83B7B5}"
EndProject
Project("{FAE04EC0-301F-11D3-BF4B-00C04F79EFBC}") = "CompilationSample", "CompilationSample\CompilationSample.csproj", "{06395A44-F62A-4666-B237-BD6477C91CCB}"
EndProject
Project("{FAE04EC0-301F-11D3-BF4B-00C04F79EFBC}") = "Array2DSample", "Array2DSample\Array2DSample.csproj", "{D77D360B-AC71-457E-9122-22A84371F513}"
EndProject
Project("{FAE04EC0-301F-11D3-BF4B-00C04F79EFBC}") = "CompilerTests", "Tests\CompilerTests\CompilerTests.csproj", "{D53FC66C-BB8C-4972-BCC3-1DA58F620DE7}"
EndProject
Project("{FAE04EC0-301F-11D3-BF4B-00C04F79EFBC}") = "ContainersTests", "Tests\ContainersTests\ContainersTests.csproj", "{3581AC4C-BE65-4B72-9D9E-DE62625B5EDF}"
EndProject
Project("{FAE04EC0-301F-11D3-BF4B-00C04F79EFBC}") = "UraniumCompute.Common", "UraniumCompute.Common\UraniumCompute.Common.csproj", "{4B7D3DC4-556D-419F-A3A4-2844DB82A02A}"
EndProject
Project("{FAE04EC0-301F-11D3-BF4B-00C04F79EFBC}") = "MathTests", "Tests\MathTests\MathTests.csproj", "{2E9D174F-2206-4DD1-8E15-59FD3E1B5E9A}"
EndProject
Project("{FAE04EC0-301F-11D3-BF4B-00C04F79EFBC}") = "PipelinesSample", "PipelinesSample\PipelinesSample.csproj", "{7300B56D-F6A4-40B8-A52A-C12109239925}"
EndProject
Global
	GlobalSection(SolutionConfigurationPlatforms) = preSolution
		Debug|Any CPU = Debug|Any CPU
		Release|Any CPU = Release|Any CPU
	EndGlobalSection
	GlobalSection(ProjectConfigurationPlatforms) = postSolution
		{076DB3C9-6A35-4CE4-AAC2-E778457951D2}.Debug|Any CPU.ActiveCfg = Debug|Any CPU
		{076DB3C9-6A35-4CE4-AAC2-E778457951D2}.Debug|Any CPU.Build.0 = Debug|Any CPU
		{076DB3C9-6A35-4CE4-AAC2-E778457951D2}.Release|Any CPU.ActiveCfg = Release|Any CPU
		{076DB3C9-6A35-4CE4-AAC2-E778457951D2}.Release|Any CPU.Build.0 = Release|Any CPU
		{39B4C30B-A47D-4165-A38E-BF4C0DEA4731}.Debug|Any CPU.ActiveCfg = Debug|Any CPU
		{39B4C30B-A47D-4165-A38E-BF4C0DEA4731}.Debug|Any CPU.Build.0 = Debug|Any CPU
		{39B4C30B-A47D-4165-A38E-BF4C0DEA4731}.Release|Any CPU.ActiveCfg = Release|Any CPU
		{39B4C30B-A47D-4165-A38E-BF4C0DEA4731}.Release|Any CPU.Build.0 = Release|Any CPU
		{6BC76B2C-67CD-4925-885A-4232CE5C4EE1}.Debug|Any CPU.ActiveCfg = Debug|Any CPU
		{6BC76B2C-67CD-4925-885A-4232CE5C4EE1}.Debug|Any CPU.Build.0 = Debug|Any CPU
		{6BC76B2C-67CD-4925-885A-4232CE5C4EE1}.Release|Any CPU.ActiveCfg = Release|Any CPU
		{6BC76B2C-67CD-4925-885A-4232CE5C4EE1}.Release|Any CPU.Build.0 = Release|Any CPU
		{CAC28557-4398-45F2-B125-F1B15C83B7B5}.Debug|Any CPU.ActiveCfg = Debug|Any CPU
		{CAC28557-4398-45F2-B125-F1B15C83B7B5}.Debug|Any CPU.Build.0 = Debug|Any CPU
		{CAC28557-4398-45F2-B125-F1B15C83B7B5}.Release|Any CPU.ActiveCfg = Release|Any CPU
		{CAC28557-4398-45F2-B125-F1B15C83B7B5}.Release|Any CPU.Build.0 = Release|Any CPU
		{06395A44-F62A-4666-B237-BD6477C91CCB}.Debug|Any CPU.ActiveCfg = Debug|Any CPU
		{06395A44-F62A-4666-B237-BD6477C91CCB}.Debug|Any CPU.Build.0 = Debug|Any CPU
		{06395A44-F62A-4666-B237-BD6477C91CCB}.Release|Any CPU.ActiveCfg = Release|Any CPU
		{06395A44-F62A-4666-B237-BD6477C91CCB}.Release|Any CPU.Build.0 = Release|Any CPU
		{D77D360B-AC71-457E-9122-22A84371F513}.Debug|Any CPU.ActiveCfg = Debug|Any CPU
		{D77D360B-AC71-457E-9122-22A84371F513}.Debug|Any CPU.Build.0 = Debug|Any CPU
		{D77D360B-AC71-457E-9122-22A84371F513}.Release|Any CPU.ActiveCfg = Release|Any CPU
		{D77D360B-AC71-457E-9122-22A84371F513}.Release|Any CPU.Build.0 = Release|Any CPU
		{D53FC66C-BB8C-4972-BCC3-1DA58F620DE7}.Debug|Any CPU.ActiveCfg = Debug|Any CPU
		{D53FC66C-BB8C-4972-BCC3-1DA58F620DE7}.Debug|Any CPU.Build.0 = Debug|Any CPU
		{D53FC66C-BB8C-4972-BCC3-1DA58F620DE7}.Release|Any CPU.ActiveCfg = Release|Any CPU
		{D53FC66C-BB8C-4972-BCC3-1DA58F620DE7}.Release|Any CPU.Build.0 = Release|Any CPU
		{3581AC4C-BE65-4B72-9D9E-DE62625B5EDF}.Debug|Any CPU.ActiveCfg = Debug|Any CPU
		{3581AC4C-BE65-4B72-9D9E-DE62625B5EDF}.Debug|Any CPU.Build.0 = Debug|Any CPU
		{3581AC4C-BE65-4B72-9D9E-DE62625B5EDF}.Release|Any CPU.ActiveCfg = Release|Any CPU
		{3581AC4C-BE65-4B72-9D9E-DE62625B5EDF}.Release|Any CPU.Build.0 = Release|Any CPU
		{4B7D3DC4-556D-419F-A3A4-2844DB82A02A}.Debug|Any CPU.ActiveCfg = Debug|Any CPU
		{4B7D3DC4-556D-419F-A3A4-2844DB82A02A}.Debug|Any CPU.Build.0 = Debug|Any CPU
		{4B7D3DC4-556D-419F-A3A4-2844DB82A02A}.Release|Any CPU.ActiveCfg = Release|Any CPU
		{4B7D3DC4-556D-419F-A3A4-2844DB82A02A}.Release|Any CPU.Build.0 = Release|Any CPU
		{2E9D174F-2206-4DD1-8E15-59FD3E1B5E9A}.Debug|Any CPU.ActiveCfg = Debug|Any CPU
		{2E9D174F-2206-4DD1-8E15-59FD3E1B5E9A}.Debug|Any CPU.Build.0 = Debug|Any CPU
		{2E9D174F-2206-4DD1-8E15-59FD3E1B5E9A}.Release|Any CPU.ActiveCfg = Release|Any CPU
		{2E9D174F-2206-4DD1-8E15-59FD3E1B5E9A}.Release|Any CPU.Build.0 = Release|Any CPU
		{7300B56D-F6A4-40B8-A52A-C12109239925}.Debug|Any CPU.ActiveCfg = Debug|Any CPU
		{7300B56D-F6A4-40B8-A52A-C12109239925}.Debug|Any CPU.Build.0 = Debug|Any CPU
		{7300B56D-F6A4-40B8-A52A-C12109239925}.Release|Any CPU.ActiveCfg = Release|Any CPU
		{7300B56D-F6A4-40B8-A52A-C12109239925}.Release|Any CPU.Build.0 = Release|Any CPU
	EndGlobalSection
	GlobalSection(NestedProjects) = preSolution
		{076DB3C9-6A35-4CE4-AAC2-E778457951D2} = {D49CD7B7-43E6-4891-8CCC-CC830743B97B}
		{39B4C30B-A47D-4165-A38E-BF4C0DEA4731} = {C6D61B2E-7CEA-4DF8-BB65-6392A541F769}
		{6BC76B2C-67CD-4925-885A-4232CE5C4EE1} = {D49CD7B7-43E6-4891-8CCC-CC830743B97B}
		{CAC28557-4398-45F2-B125-F1B15C83B7B5} = {C6D61B2E-7CEA-4DF8-BB65-6392A541F769}
		{06395A44-F62A-4666-B237-BD6477C91CCB} = {C6D61B2E-7CEA-4DF8-BB65-6392A541F769}
		{D77D360B-AC71-457E-9122-22A84371F513} = {C6D61B2E-7CEA-4DF8-BB65-6392A541F769}
		{D53FC66C-BB8C-4972-BCC3-1DA58F620DE7} = {1C90E1A7-E5D8-44AB-B187-7BC851F4E02F}
		{3581AC4C-BE65-4B72-9D9E-DE62625B5EDF} = {1C90E1A7-E5D8-44AB-B187-7BC851F4E02F}
		{4B7D3DC4-556D-419F-A3A4-2844DB82A02A} = {D49CD7B7-43E6-4891-8CCC-CC830743B97B}
		{2E9D174F-2206-4DD1-8E15-59FD3E1B5E9A} = {1C90E1A7-E5D8-44AB-B187-7BC851F4E02F}
		{7300B56D-F6A4-40B8-A52A-C12109239925} = {C6D61B2E-7CEA-4DF8-BB65-6392A541F769}
	EndGlobalSection
EndGlobal
